
Microsoft Visual Studio Solution File, Format Version 12.00
# Visual Studio Version 17
VisualStudioVersion = 17.0.31903.59
MinimumVisualStudioVersion = 10.0.40219.1
Project("{FAE04EC0-301F-11D3-BF4B-00C04F79EFBC}") = "JiksLib", "JiksLib\JiksLib.csproj", "{A24411B0-1B78-4A6C-AC82-9D1F138BF7A8}"
EndProject
Project("{FAE04EC0-301F-11D3-BF4B-00C04F79EFBC}") = "JiksLib.Test", "JiksLib.Test\JiksLib.Test.csproj", "{BD1CE606-5EEA-4A07-A863-67EC9110211D}"
EndProject
Global
	GlobalSection(SolutionConfigurationPlatforms) = preSolution
		Debug|Any CPU = Debug|Any CPU
		Debug|x64 = Debug|x64
		Debug|x86 = Debug|x86
		Release|Any CPU = Release|Any CPU
		Release|x64 = Release|x64
		Release|x86 = Release|x86
	EndGlobalSection
	GlobalSection(ProjectConfigurationPlatforms) = postSolution
		{A24411B0-1B78-4A6C-AC82-9D1F138BF7A8}.Debug|Any CPU.ActiveCfg = Debug|Any CPU
		{A24411B0-1B78-4A6C-AC82-9D1F138BF7A8}.Debug|Any CPU.Build.0 = Debug|Any CPU
		{A24411B0-1B78-4A6C-AC82-9D1F138BF7A8}.Debug|x64.ActiveCfg = Debug|Any CPU
		{A24411B0-1B78-4A6C-AC82-9D1F138BF7A8}.Debug|x64.Build.0 = Debug|Any CPU
		{A24411B0-1B78-4A6C-AC82-9D1F138BF7A8}.Debug|x86.ActiveCfg = Debug|Any CPU
		{A24411B0-1B78-4A6C-AC82-9D1F138BF7A8}.Debug|x86.Build.0 = Debug|Any CPU
		{A24411B0-1B78-4A6C-AC82-9D1F138BF7A8}.Release|Any CPU.ActiveCfg = Release|Any CPU
		{A24411B0-1B78-4A6C-AC82-9D1F138BF7A8}.Release|Any CPU.Build.0 = Release|Any CPU
		{A24411B0-1B78-4A6C-AC82-9D1F138BF7A8}.Release|x64.ActiveCfg = Release|Any CPU
		{A24411B0-1B78-4A6C-AC82-9D1F138BF7A8}.Release|x64.Build.0 = Release|Any CPU
		{A24411B0-1B78-4A6C-AC82-9D1F138BF7A8}.Release|x86.ActiveCfg = Release|Any CPU
		{A24411B0-1B78-4A6C-AC82-9D1F138BF7A8}.Release|x86.Build.0 = Release|Any CPU
		{BD1CE606-5EEA-4A07-A863-67EC9110211D}.Debug|Any CPU.ActiveCfg = Debug|Any CPU
		{BD1CE606-5EEA-4A07-A863-67EC9110211D}.Debug|Any CPU.Build.0 = Debug|Any CPU
		{BD1CE606-5EEA-4A07-A863-67EC9110211D}.Debug|x64.ActiveCfg = Debug|Any CPU
		{BD1CE606-5EEA-4A07-A863-67EC9110211D}.Debug|x64.Build.0 = Debug|Any CPU
		{BD1CE606-5EEA-4A07-A863-67EC9110211D}.Debug|x86.ActiveCfg = Debug|Any CPU
		{BD1CE606-5EEA-4A07-A863-67EC9110211D}.Debug|x86.Build.0 = Debug|Any CPU
		{BD1CE606-5EEA-4A07-A863-67EC9110211D}.Release|Any CPU.ActiveCfg = Release|Any CPU
		{BD1CE606-5EEA-4A07-A863-67EC9110211D}.Release|Any CPU.Build.0 = Release|Any CPU
		{BD1CE606-5EEA-4A07-A863-67EC9110211D}.Release|x64.ActiveCfg = Release|Any CPU
		{BD1CE606-5EEA-4A07-A863-67EC9110211D}.Release|x64.Build.0 = Release|Any CPU
		{BD1CE606-5EEA-4A07-A863-67EC9110211D}.Release|x86.ActiveCfg = Release|Any CPU
		{BD1CE606-5EEA-4A07-A863-67EC9110211D}.Release|x86.Build.0 = Release|Any CPU
	EndGlobalSection
	GlobalSection(SolutionProperties) = preSolution
		HideSolutionNode = FALSE
	EndGlobalSection
EndGlobal
